
Microsoft Visual Studio Solution File, Format Version 12.00
# Visual Studio 15
VisualStudioVersion = 15.0.27703.2035
MinimumVisualStudioVersion = 10.0.40219.1
Project("{E24C65DC-7377-472B-9ABA-BC803B73C61A}") = "MultiAttributeSize_Interleaved", "MultiAttributeSize_Interleaved\", "{4F6EC71F-893F-48EE-A45A-916EEEFD93A0}"
	ProjectSection(WebsiteProperties) = preProject
		TargetFrameworkMoniker = ".NETFramework,Version%3Dv4.6.1"
		Debug.AspNetCompiler.VirtualPath = "/localhost_13347"
		Debug.AspNetCompiler.PhysicalPath = "MultiAttributeSize_Interleaved\"
		Debug.AspNetCompiler.TargetPath = "PrecompiledWeb\localhost_13347\"
		Debug.AspNetCompiler.Updateable = "true"
		Debug.AspNetCompiler.ForceOverwrite = "true"
		Debug.AspNetCompiler.FixedNames = "false"
		Debug.AspNetCompiler.Debug = "True"
		Release.AspNetCompiler.VirtualPath = "/localhost_13347"
		Release.AspNetCompiler.PhysicalPath = "MultiAttributeSize_Interleaved\"
		Release.AspNetCompiler.TargetPath = "PrecompiledWeb\localhost_13347\"
		Release.AspNetCompiler.Updateable = "true"
		Release.AspNetCompiler.ForceOverwrite = "true"
		Release.AspNetCompiler.FixedNames = "false"
		Release.AspNetCompiler.Debug = "False"
		VWDPort = "13347"
		SlnRelativePath = "MultiAttributeSize_Interleaved\"
		DefaultWebSiteLanguage = "Visual C#"
	EndProjectSection
EndProject
Global
	GlobalSection(SolutionConfigurationPlatforms) = preSolution
		Debug|Any CPU = Debug|Any CPU
	EndGlobalSection
	GlobalSection(ProjectConfigurationPlatforms) = postSolution
		{4F6EC71F-893F-48EE-A45A-916EEEFD93A0}.Debug|Any CPU.ActiveCfg = Debug|Any CPU
		{4F6EC71F-893F-48EE-A45A-916EEEFD93A0}.Debug|Any CPU.Build.0 = Debug|Any CPU
	EndGlobalSection
	GlobalSection(SolutionProperties) = preSolution
		HideSolutionNode = FALSE
	EndGlobalSection
	GlobalSection(ExtensibilityGlobals) = postSolution
		SolutionGuid = {88F0CFEF-85BA-4113-B5A1-1ED9368CC91C}
	EndGlobalSection
EndGlobal
